
Microsoft Visual Studio Solution File, Format Version 12.00
# Visual Studio Version 17
VisualStudioVersion = 17.6.33723.286
MinimumVisualStudioVersion = 10.0.40219.1
Project("{FAE04EC0-301F-11D3-BF4B-00C04F79EFBC}") = "ToCook.Web", "ToCook.Web\ToCook.Web.csproj", "{403045AC-CC12-4936-A7A7-C8D907B8BA0A}"
EndProject
Project("{FAE04EC0-301F-11D3-BF4B-00C04F79EFBC}") = "ToCook.DataLayer", "ToCook.DataLayer\ToCook.DataLayer.csproj", "{68DD4D04-35D5-4666-833F-34971DC93AD1}"
EndProject
Project("{FAE04EC0-301F-11D3-BF4B-00C04F79EFBC}") = "DataLayer.Core", "DataLayer.Core\DataLayer.Core.csproj", "{0A16D971-1E8F-42EA-A9B4-90D1266692E0}"
EndProject
Global
	GlobalSection(SolutionConfigurationPlatforms) = preSolution
		Debug|Any CPU = Debug|Any CPU
		Release|Any CPU = Release|Any CPU
	EndGlobalSection
	GlobalSection(ProjectConfigurationPlatforms) = postSolution
		{403045AC-CC12-4936-A7A7-C8D907B8BA0A}.Debug|Any CPU.ActiveCfg = Debug|Any CPU
		{403045AC-CC12-4936-A7A7-C8D907B8BA0A}.Debug|Any CPU.Build.0 = Debug|Any CPU
		{403045AC-CC12-4936-A7A7-C8D907B8BA0A}.Release|Any CPU.ActiveCfg = Release|Any CPU
		{403045AC-CC12-4936-A7A7-C8D907B8BA0A}.Release|Any CPU.Build.0 = Release|Any CPU
		{68DD4D04-35D5-4666-833F-34971DC93AD1}.Debug|Any CPU.ActiveCfg = Debug|Any CPU
		{68DD4D04-35D5-4666-833F-34971DC93AD1}.Debug|Any CPU.Build.0 = Debug|Any CPU
		{68DD4D04-35D5-4666-833F-34971DC93AD1}.Release|Any CPU.ActiveCfg = Release|Any CPU
		{68DD4D04-35D5-4666-833F-34971DC93AD1}.Release|Any CPU.Build.0 = Release|Any CPU
		{0A16D971-1E8F-42EA-A9B4-90D1266692E0}.Debug|Any CPU.ActiveCfg = Debug|Any CPU
		{0A16D971-1E8F-42EA-A9B4-90D1266692E0}.Debug|Any CPU.Build.0 = Debug|Any CPU
		{0A16D971-1E8F-42EA-A9B4-90D1266692E0}.Release|Any CPU.ActiveCfg = Release|Any CPU
		{0A16D971-1E8F-42EA-A9B4-90D1266692E0}.Release|Any CPU.Build.0 = Release|Any CPU
	EndGlobalSection
	GlobalSection(SolutionProperties) = preSolution
		HideSolutionNode = FALSE
	EndGlobalSection
	GlobalSection(ExtensibilityGlobals) = postSolution
		SolutionGuid = {9994E042-127B-4B01-A83F-AA5F76255DAD}
	EndGlobalSection
EndGlobal
